
Microsoft Visual Studio Solution File, Format Version 12.00
# Visual Studio Version 16
VisualStudioVersion = 16.0.33927.289
MinimumVisualStudioVersion = 10.0.40219.1
Project("{2150E333-8FDC-42A3-9474-1A3956D46DE8}") = "Task0", "Task0", "{22838386-0772-48FB-98D9-32648ADFEAB8}"
EndProject
Project("{FAE04EC0-301F-11D3-BF4B-00C04F79EFBC}") = "Tyuiu.BreslavskyaIV.Sprint0.Task0.V0", "Tyuiu.BreslavskyaIV.Sprint0.Task0.V0\Tyuiu.BreslavskyaIV.Sprint0.Task0.V0.csproj", "{9C82526F-C3C2-4428-9BC0-863153842728}"
EndProject
Project("{2150E333-8FDC-42A3-9474-1A3956D46DE8}") = "Task1", "Task1", "{F9E4B894-9026-48A2-A6A4-9D683BAE5941}"
EndProject
Project("{FAE04EC0-301F-11D3-BF4B-00C04F79EFBC}") = "Tyuiu.BreslavskyaIV.Sprint0.Task1.V0", "Tyuiu.BreslavskyaIV.Sprint0.Task1.V0\Tyuiu.BreslavskyaIV.Sprint0.Task1.V0.csproj", "{2E7CB969-B0A3-4207-90E6-7931BC29CC31}"
EndProject
Project("{2150E333-8FDC-42A3-9474-1A3956D46DE8}") = "Task2", "Task2", "{CCAA21FA-BF33-42D0-B9A7-307040F98922}"
EndProject
Project("{FAE04EC0-301F-11D3-BF4B-00C04F79EFBC}") = "Tyuiu.BreslavskyaIV.Sprint0.Task2.V0", "Tyuiu.BreslavskyaIV.Sprint0.Task2.V0\Tyuiu.BreslavskyaIV.Sprint0.Task2.V0.csproj", "{5776C621-6CD0-4C98-969E-DAFCE64784B6}"
EndProject
Project("{FAE04EC0-301F-11D3-BF4B-00C04F79EFBC}") = "Tyuiu.BreslavskyaIV.Sprint0.Task2.V0.Test", "Tyuiu.BreslavskyaIV.Sprint0.Task2.V0.Test\Tyuiu.BreslavskyaIV.Sprint0.Task2.V0.Test.csproj", "{AD7D4DF6-6594-4062-969E-879A14AF6883}"
EndProject
Project("{FAE04EC0-301F-11D3-BF4B-00C04F79EFBC}") = "Tyuiu.BreslavskyaIV.Sprint0.Task2.V0.Lib", "Tyuiu.BreslavskyaIV.Sprint0.Task2.V0.Lib\Tyuiu.BreslavskyaIV.Sprint0.Task2.V0.Lib.csproj", "{E871099E-DFF2-4639-9690-E3CC24124CE8}"
EndProject
Project("{2150E333-8FDC-42A3-9474-1A3956D46DE8}") = "Task3", "Task3", "{B018BD5F-A1A5-4023-9F94-0CD5FEA8ED0C}"
EndProject
Project("{FAE04EC0-301F-11D3-BF4B-00C04F79EFBC}") = "Tyuiu.BreslavskyaIV.Sprint0.Task3.V0.Lib", "Tyuiu.BreslavskyaIV.Sprint0.Task3.V0.Lib\Tyuiu.BreslavskyaIV.Sprint0.Task3.V0.Lib.csproj", "{DCAE57D4-7EDD-4619-A69F-C80CBC07B940}"
EndProject
Project("{FAE04EC0-301F-11D3-BF4B-00C04F79EFBC}") = "Tyuiu.BreslavskyaIV.Sprint0.Task3.V0", "Tyuiu.BreslavskyaIV.Sprint0.Task3.V0\Tyuiu.BreslavskyaIV.Sprint0.Task3.V0.csproj", "{BBA6DFC9-6D38-4806-91F2-00CEC4B2A6B6}"
EndProject
Project("{FAE04EC0-301F-11D3-BF4B-00C04F79EFBC}") = "Tyuiu.BreslavskyaIV.Sprint0.Task3.V0.Test", "Tyuiu.BreslavskyaIV.Sprint0.Task3.V0.Test\Tyuiu.BreslavskyaIV.Sprint0.Task3.V0.Test.csproj", "{78AEDD6D-BC0E-4BCE-9530-7AD8760F2534}"
EndProject
Project("{2150E333-8FDC-42A3-9474-1A3956D46DE8}") = "Task4", "Task4", "{A45D09E0-EE0B-46FB-BAE2-EE656C558DCB}"
EndProject
Project("{FAE04EC0-301F-11D3-BF4B-00C04F79EFBC}") = "Tyuiu.BreslavskyaIV.Sprint0.Task4.V0.Test", "Tyuiu.BreslavskyaIV.Sprint0.Task4.V0.Test\Tyuiu.BreslavskyaIV.Sprint0.Task4.V0.Test.csproj", "{3184BB61-07E1-49F7-920F-0D6D813501BC}"
EndProject
Project("{FAE04EC0-301F-11D3-BF4B-00C04F79EFBC}") = "Tyuiu.BreslavskyaIV.Sprint0.Task4.V0", "Tyuiu.BreslavskyaIV.Sprint0.Task4.V0\Tyuiu.BreslavskyaIV.Sprint0.Task4.V0.csproj", "{094F75D0-EBDF-45EF-A273-2E3D2F96DC4A}"
EndProject
Project("{FAE04EC0-301F-11D3-BF4B-00C04F79EFBC}") = "Tyuiu.BreslavskyaIV.Sprint0.Task4.V0.Lib", "Tyuiu.BreslavskyaIV.Sprint0.Task4.V0.Lib\Tyuiu.BreslavskyaIV.Sprint0.Task4.V0.Lib.csproj", "{0F866B14-0771-43BB-A960-156856394792}"
EndProject
Project("{2150E333-8FDC-42A3-9474-1A3956D46DE8}") = "Task5", "Task5", "{559A421F-F1DF-4078-B46D-E37CAFA30593}"
EndProject
Project("{FAE04EC0-301F-11D3-BF4B-00C04F79EFBC}") = "Tyuiu.BreslavskyaIV.Sprint0.Task5.V0.Lib", "Tyuiu.BreslavskyaIV.Sprint0.Task5.V0.Lib\Tyuiu.BreslavskyaIV.Sprint0.Task5.V0.Lib.csproj", "{B54D4C85-CAD7-4FF5-BD19-B104EE3EDC43}"
EndProject
Project("{FAE04EC0-301F-11D3-BF4B-00C04F79EFBC}") = "Tyuiu.BreslavskyaIV.Sprint0.Task5.V0", "Tyuiu.BreslavskyaIV.Sprint0.Task5.V0\Tyuiu.BreslavskyaIV.Sprint0.Task5.V0.csproj", "{0AC57718-43F6-4C5D-9F3F-7F63550A3229}"
EndProject
Project("{FAE04EC0-301F-11D3-BF4B-00C04F79EFBC}") = "Tyuiu.BreslavskyaIV.Sprint0.Task5.V0.Test", "Tyuiu.BreslavskyaIV.Sprint0.Task5.V0.Test\Tyuiu.BreslavskyaIV.Sprint0.Task5.V0.Test.csproj", "{026C46B3-06FB-4426-8E87-3084ECF84A4B}"
EndProject
Project("{2150E333-8FDC-42A3-9474-1A3956D46DE8}") = "Task6", "Task6", "{3482E085-1792-42C1-9991-5F12E4273BD6}"
EndProject
Project("{FAE04EC0-301F-11D3-BF4B-00C04F79EFBC}") = "Tyuiu.BreslavskyaIV.Sprint0.Task6.V0.Test", "Tyuiu.BreslavskyaIV.Sprint0.Task6.V0.Test\Tyuiu.BreslavskyaIV.Sprint0.Task6.V0.Test.csproj", "{49B7A44C-98DC-4433-96B8-156CF484D224}"
EndProject
Project("{FAE04EC0-301F-11D3-BF4B-00C04F79EFBC}") = "Tyuiu.BreslavskyaIV.Sprint0.Task6.V0", "Tyuiu.BreslavskyaIV.Sprint0.Task6.V0\Tyuiu.BreslavskyaIV.Sprint0.Task6.V0.csproj", "{8B46C864-EB3F-4F2A-B326-05162222F51D}"
EndProject
Project("{FAE04EC0-301F-11D3-BF4B-00C04F79EFBC}") = "Tyuiu.BreslavskyaIV.Sprint0.Task6.V0.Lib", "Tyuiu.BreslavskyaIV.Sprint0.Task6.V0.Lib\Tyuiu.BreslavskyaIV.Sprint0.Task6.V0.Lib.csproj", "{43C0EC17-88A8-4360-B446-B63982CAAACC}"
EndProject
Project("{2150E333-8FDC-42A3-9474-1A3956D46DE8}") = "Task7", "Task7", "{5627BA44-42C4-4480-B01B-C0FFA5554CA9}"
EndProject
Project("{FAE04EC0-301F-11D3-BF4B-00C04F79EFBC}") = "Tyuiu.BreslavskyaIV.Sprint0.Task7.V0.Lib", "Tyuiu.BreslavskyaIV.Sprint0.Task7.V0.Lib\Tyuiu.BreslavskyaIV.Sprint0.Task7.V0.Lib.csproj", "{5D15D45C-2647-461A-A4CD-829F2B9055FD}"
EndProject
Project("{FAE04EC0-301F-11D3-BF4B-00C04F79EFBC}") = "Tyuiu.BreslavskyaIV.Sprint0.Task7.V0", "Tyuiu.BreslavskyaIV.Sprint0.Task7.V0\Tyuiu.BreslavskyaIV.Sprint0.Task7.V0.csproj", "{5854D0A7-7287-4878-944E-8187F402DDF8}"
EndProject
Project("{FAE04EC0-301F-11D3-BF4B-00C04F79EFBC}") = "Tyuiu.BreslavskyaIV.Sprint0.Task7.V0.Test", "Tyuiu.BreslavskyaIV.Sprint0.Task7.V0.Test\Tyuiu.BreslavskyaIV.Sprint0.Task7.V0.Test.csproj", "{AFC3215F-FDC9-409C-98E8-59EADC560119}"
EndProject
Global
	GlobalSection(SolutionConfigurationPlatforms) = preSolution
		Debug|Any CPU = Debug|Any CPU
		Release|Any CPU = Release|Any CPU
	EndGlobalSection
	GlobalSection(ProjectConfigurationPlatforms) = postSolution
		{9C82526F-C3C2-4428-9BC0-863153842728}.Debug|Any CPU.ActiveCfg = Debug|Any CPU
		{9C82526F-C3C2-4428-9BC0-863153842728}.Debug|Any CPU.Build.0 = Debug|Any CPU
		{9C82526F-C3C2-4428-9BC0-863153842728}.Release|Any CPU.ActiveCfg = Release|Any CPU
		{9C82526F-C3C2-4428-9BC0-863153842728}.Release|Any CPU.Build.0 = Release|Any CPU
		{2E7CB969-B0A3-4207-90E6-7931BC29CC31}.Debug|Any CPU.ActiveCfg = Debug|Any CPU
		{2E7CB969-B0A3-4207-90E6-7931BC29CC31}.Debug|Any CPU.Build.0 = Debug|Any CPU
		{2E7CB969-B0A3-4207-90E6-7931BC29CC31}.Release|Any CPU.ActiveCfg = Release|Any CPU
		{2E7CB969-B0A3-4207-90E6-7931BC29CC31}.Release|Any CPU.Build.0 = Release|Any CPU
		{5776C621-6CD0-4C98-969E-DAFCE64784B6}.Debug|Any CPU.ActiveCfg = Debug|Any CPU
		{5776C621-6CD0-4C98-969E-DAFCE64784B6}.Debug|Any CPU.Build.0 = Debug|Any CPU
		{5776C621-6CD0-4C98-969E-DAFCE64784B6}.Release|Any CPU.ActiveCfg = Release|Any CPU
		{5776C621-6CD0-4C98-969E-DAFCE64784B6}.Release|Any CPU.Build.0 = Release|Any CPU
		{AD7D4DF6-6594-4062-969E-879A14AF6883}.Debug|Any CPU.ActiveCfg = Debug|Any CPU
		{AD7D4DF6-6594-4062-969E-879A14AF6883}.Debug|Any CPU.Build.0 = Debug|Any CPU
		{AD7D4DF6-6594-4062-969E-879A14AF6883}.Release|Any CPU.ActiveCfg = Release|Any CPU
		{AD7D4DF6-6594-4062-969E-879A14AF6883}.Release|Any CPU.Build.0 = Release|Any CPU
		{E871099E-DFF2-4639-9690-E3CC24124CE8}.Debug|Any CPU.ActiveCfg = Debug|Any CPU
		{E871099E-DFF2-4639-9690-E3CC24124CE8}.Debug|Any CPU.Build.0 = Debug|Any CPU
		{E871099E-DFF2-4639-9690-E3CC24124CE8}.Release|Any CPU.ActiveCfg = Release|Any CPU
		{E871099E-DFF2-4639-9690-E3CC24124CE8}.Release|Any CPU.Build.0 = Release|Any CPU
		{DCAE57D4-7EDD-4619-A69F-C80CBC07B940}.Debug|Any CPU.ActiveCfg = Debug|Any CPU
		{DCAE57D4-7EDD-4619-A69F-C80CBC07B940}.Debug|Any CPU.Build.0 = Debug|Any CPU
		{DCAE57D4-7EDD-4619-A69F-C80CBC07B940}.Release|Any CPU.ActiveCfg = Release|Any CPU
		{DCAE57D4-7EDD-4619-A69F-C80CBC07B940}.Release|Any CPU.Build.0 = Release|Any CPU
		{BBA6DFC9-6D38-4806-91F2-00CEC4B2A6B6}.Debug|Any CPU.ActiveCfg = Debug|Any CPU
		{BBA6DFC9-6D38-4806-91F2-00CEC4B2A6B6}.Debug|Any CPU.Build.0 = Debug|Any CPU
		{BBA6DFC9-6D38-4806-91F2-00CEC4B2A6B6}.Release|Any CPU.ActiveCfg = Release|Any CPU
		{BBA6DFC9-6D38-4806-91F2-00CEC4B2A6B6}.Release|Any CPU.Build.0 = Release|Any CPU
		{78AEDD6D-BC0E-4BCE-9530-7AD8760F2534}.Debug|Any CPU.ActiveCfg = Debug|Any CPU
		{78AEDD6D-BC0E-4BCE-9530-7AD8760F2534}.Debug|Any CPU.Build.0 = Debug|Any CPU
		{78AEDD6D-BC0E-4BCE-9530-7AD8760F2534}.Release|Any CPU.ActiveCfg = Release|Any CPU
		{78AEDD6D-BC0E-4BCE-9530-7AD8760F2534}.Release|Any CPU.Build.0 = Release|Any CPU
		{3184BB61-07E1-49F7-920F-0D6D813501BC}.Debug|Any CPU.ActiveCfg = Debug|Any CPU
		{3184BB61-07E1-49F7-920F-0D6D813501BC}.Debug|Any CPU.Build.0 = Debug|Any CPU
		{3184BB61-07E1-49F7-920F-0D6D813501BC}.Release|Any CPU.ActiveCfg = Release|Any CPU
		{3184BB61-07E1-49F7-920F-0D6D813501BC}.Release|Any CPU.Build.0 = Release|Any CPU
		{094F75D0-EBDF-45EF-A273-2E3D2F96DC4A}.Debug|Any CPU.ActiveCfg = Debug|Any CPU
		{094F75D0-EBDF-45EF-A273-2E3D2F96DC4A}.Debug|Any CPU.Build.0 = Debug|Any CPU
		{094F75D0-EBDF-45EF-A273-2E3D2F96DC4A}.Release|Any CPU.ActiveCfg = Release|Any CPU
		{094F75D0-EBDF-45EF-A273-2E3D2F96DC4A}.Release|Any CPU.Build.0 = Release|Any CPU
		{0F866B14-0771-43BB-A960-156856394792}.Debug|Any CPU.ActiveCfg = Debug|Any CPU
		{0F866B14-0771-43BB-A960-156856394792}.Debug|Any CPU.Build.0 = Debug|Any CPU
		{0F866B14-0771-43BB-A960-156856394792}.Release|Any CPU.ActiveCfg = Release|Any CPU
		{0F866B14-0771-43BB-A960-156856394792}.Release|Any CPU.Build.0 = Release|Any CPU
		{B54D4C85-CAD7-4FF5-BD19-B104EE3EDC43}.Debug|Any CPU.ActiveCfg = Debug|Any CPU
		{B54D4C85-CAD7-4FF5-BD19-B104EE3EDC43}.Debug|Any CPU.Build.0 = Debug|Any CPU
		{B54D4C85-CAD7-4FF5-BD19-B104EE3EDC43}.Release|Any CPU.ActiveCfg = Release|Any CPU
		{B54D4C85-CAD7-4FF5-BD19-B104EE3EDC43}.Release|Any CPU.Build.0 = Release|Any CPU
		{0AC57718-43F6-4C5D-9F3F-7F63550A3229}.Debug|Any CPU.ActiveCfg = Debug|Any CPU
		{0AC57718-43F6-4C5D-9F3F-7F63550A3229}.Debug|Any CPU.Build.0 = Debug|Any CPU
		{0AC57718-43F6-4C5D-9F3F-7F63550A3229}.Release|Any CPU.ActiveCfg = Release|Any CPU
		{0AC57718-43F6-4C5D-9F3F-7F63550A3229}.Release|Any CPU.Build.0 = Release|Any CPU
		{026C46B3-06FB-4426-8E87-3084ECF84A4B}.Debug|Any CPU.ActiveCfg = Debug|Any CPU
		{026C46B3-06FB-4426-8E87-3084ECF84A4B}.Debug|Any CPU.Build.0 = Debug|Any CPU
		{026C46B3-06FB-4426-8E87-3084ECF84A4B}.Release|Any CPU.ActiveCfg = Release|Any CPU
		{026C46B3-06FB-4426-8E87-3084ECF84A4B}.Release|Any CPU.Build.0 = Release|Any CPU
		{49B7A44C-98DC-4433-96B8-156CF484D224}.Debug|Any CPU.ActiveCfg = Debug|Any CPU
		{49B7A44C-98DC-4433-96B8-156CF484D224}.Debug|Any CPU.Build.0 = Debug|Any CPU
		{49B7A44C-98DC-4433-96B8-156CF484D224}.Release|Any CPU.ActiveCfg = Release|Any CPU
		{49B7A44C-98DC-4433-96B8-156CF484D224}.Release|Any CPU.Build.0 = Release|Any CPU
		{8B46C864-EB3F-4F2A-B326-05162222F51D}.Debug|Any CPU.ActiveCfg = Debug|Any CPU
		{8B46C864-EB3F-4F2A-B326-05162222F51D}.Debug|Any CPU.Build.0 = Debug|Any CPU
		{8B46C864-EB3F-4F2A-B326-05162222F51D}.Release|Any CPU.ActiveCfg = Release|Any CPU
		{8B46C864-EB3F-4F2A-B326-05162222F51D}.Release|Any CPU.Build.0 = Release|Any CPU
		{43C0EC17-88A8-4360-B446-B63982CAAACC}.Debug|Any CPU.ActiveCfg = Debug|Any CPU
		{43C0EC17-88A8-4360-B446-B63982CAAACC}.Debug|Any CPU.Build.0 = Debug|Any CPU
		{43C0EC17-88A8-4360-B446-B63982CAAACC}.Release|Any CPU.ActiveCfg = Release|Any CPU
		{43C0EC17-88A8-4360-B446-B63982CAAACC}.Release|Any CPU.Build.0 = Release|Any CPU
		{5D15D45C-2647-461A-A4CD-829F2B9055FD}.Debug|Any CPU.ActiveCfg = Debug|Any CPU
		{5D15D45C-2647-461A-A4CD-829F2B9055FD}.Debug|Any CPU.Build.0 = Debug|Any CPU
		{5D15D45C-2647-461A-A4CD-829F2B9055FD}.Release|Any CPU.ActiveCfg = Release|Any CPU
		{5D15D45C-2647-461A-A4CD-829F2B9055FD}.Release|Any CPU.Build.0 = Release|Any CPU
		{5854D0A7-7287-4878-944E-8187F402DDF8}.Debug|Any CPU.ActiveCfg = Debug|Any CPU
		{5854D0A7-7287-4878-944E-8187F402DDF8}.Debug|Any CPU.Build.0 = Debug|Any CPU
		{5854D0A7-7287-4878-944E-8187F402DDF8}.Release|Any CPU.ActiveCfg = Release|Any CPU
		{5854D0A7-7287-4878-944E-8187F402DDF8}.Release|Any CPU.Build.0 = Release|Any CPU
		{AFC3215F-FDC9-409C-98E8-59EADC560119}.Debug|Any CPU.ActiveCfg = Debug|Any CPU
		{AFC3215F-FDC9-409C-98E8-59EADC560119}.Debug|Any CPU.Build.0 = Debug|Any CPU
		{AFC3215F-FDC9-409C-98E8-59EADC560119}.Release|Any CPU.ActiveCfg = Release|Any CPU
		{AFC3215F-FDC9-409C-98E8-59EADC560119}.Release|Any CPU.Build.0 = Release|Any CPU
	EndGlobalSection
	GlobalSection(SolutionProperties) = preSolution
		HideSolutionNode = FALSE
	EndGlobalSection
	GlobalSection(NestedProjects) = preSolution
		{9C82526F-C3C2-4428-9BC0-863153842728} = {22838386-0772-48FB-98D9-32648ADFEAB8}
		{2E7CB969-B0A3-4207-90E6-7931BC29CC31} = {F9E4B894-9026-48A2-A6A4-9D683BAE5941}
		{5776C621-6CD0-4C98-969E-DAFCE64784B6} = {CCAA21FA-BF33-42D0-B9A7-307040F98922}
		{AD7D4DF6-6594-4062-969E-879A14AF6883} = {CCAA21FA-BF33-42D0-B9A7-307040F98922}
		{E871099E-DFF2-4639-9690-E3CC24124CE8} = {CCAA21FA-BF33-42D0-B9A7-307040F98922}
		{DCAE57D4-7EDD-4619-A69F-C80CBC07B940} = {B018BD5F-A1A5-4023-9F94-0CD5FEA8ED0C}
		{BBA6DFC9-6D38-4806-91F2-00CEC4B2A6B6} = {B018BD5F-A1A5-4023-9F94-0CD5FEA8ED0C}
		{78AEDD6D-BC0E-4BCE-9530-7AD8760F2534} = {B018BD5F-A1A5-4023-9F94-0CD5FEA8ED0C}
		{3184BB61-07E1-49F7-920F-0D6D813501BC} = {A45D09E0-EE0B-46FB-BAE2-EE656C558DCB}
		{094F75D0-EBDF-45EF-A273-2E3D2F96DC4A} = {A45D09E0-EE0B-46FB-BAE2-EE656C558DCB}
		{0F866B14-0771-43BB-A960-156856394792} = {A45D09E0-EE0B-46FB-BAE2-EE656C558DCB}
		{B54D4C85-CAD7-4FF5-BD19-B104EE3EDC43} = {559A421F-F1DF-4078-B46D-E37CAFA30593}
		{0AC57718-43F6-4C5D-9F3F-7F63550A3229} = {559A421F-F1DF-4078-B46D-E37CAFA30593}
		{026C46B3-06FB-4426-8E87-3084ECF84A4B} = {559A421F-F1DF-4078-B46D-E37CAFA30593}
		{49B7A44C-98DC-4433-96B8-156CF484D224} = {3482E085-1792-42C1-9991-5F12E4273BD6}
		{8B46C864-EB3F-4F2A-B326-05162222F51D} = {3482E085-1792-42C1-9991-5F12E4273BD6}
		{43C0EC17-88A8-4360-B446-B63982CAAACC} = {3482E085-1792-42C1-9991-5F12E4273BD6}
		{5D15D45C-2647-461A-A4CD-829F2B9055FD} = {5627BA44-42C4-4480-B01B-C0FFA5554CA9}
		{5854D0A7-7287-4878-944E-8187F402DDF8} = {5627BA44-42C4-4480-B01B-C0FFA5554CA9}
		{AFC3215F-FDC9-409C-98E8-59EADC560119} = {5627BA44-42C4-4480-B01B-C0FFA5554CA9}
	EndGlobalSection
	GlobalSection(ExtensibilityGlobals) = postSolution
		SolutionGuid = {9BFC107C-29B7-4F99-A74A-6FF9450A2D83}
	EndGlobalSection
EndGlobal
